
Microsoft Visual Studio Solution File, Format Version 12.00
# Visual Studio Version 16
VisualStudioVersion = 16.0.30104.148
MinimumVisualStudioVersion = 10.0.40219.1
Project("{FAE04EC0-301F-11D3-BF4B-00C04F79EFBC}") = "LV4", "LV4\LV4.csproj", "{6C1A7355-91DF-42F8-B593-1F52B150EDA0}"
EndProject
Global
	GlobalSection(SolutionConfigurationPlatforms) = preSolution
		Debug|Any CPU = Debug|Any CPU
		Release|Any CPU = Release|Any CPU
	EndGlobalSection
	GlobalSection(ProjectConfigurationPlatforms) = postSolution
		{6C1A7355-91DF-42F8-B593-1F52B150EDA0}.Debug|Any CPU.ActiveCfg = Debug|Any CPU
		{6C1A7355-91DF-42F8-B593-1F52B150EDA0}.Debug|Any CPU.Build.0 = Debug|Any CPU
		{6C1A7355-91DF-42F8-B593-1F52B150EDA0}.Release|Any CPU.ActiveCfg = Release|Any CPU
		{6C1A7355-91DF-42F8-B593-1F52B150EDA0}.Release|Any CPU.Build.0 = Release|Any CPU
	EndGlobalSection
	GlobalSection(SolutionProperties) = preSolution
		HideSolutionNode = FALSE
	EndGlobalSection
	GlobalSection(ExtensibilityGlobals) = postSolution
		SolutionGuid = {E0D0DACC-29E0-4F42-BEC4-AED253BCB940}
	EndGlobalSection
EndGlobal
